
Microsoft Visual Studio Solution File, Format Version 12.00
# Visual Studio Version 17
VisualStudioVersion = 17.5.002.0
MinimumVisualStudioVersion = 10.0.40219.1
Project("{9A19103F-16F7-4668-BE54-9A1E7A4F7556}") = "Penguin121.Domain", "Penguin121.Domain\Penguin121.Domain.csproj", "{495A5A67-C602-4C4B-9C1E-07863851D30B}"
EndProject
Project("{9A19103F-16F7-4668-BE54-9A1E7A4F7556}") = "Penguin121.Api", "Penguin121.Api\Penguin121.Api.csproj", "{8A0C81EA-4051-45E8-B754-59251FB8495F}"
EndProject
Project("{9A19103F-16F7-4668-BE54-9A1E7A4F7556}") = "penguin121-api.Data", "penguin121-api.Data\penguin121-api.Data.csproj", "{0A9A98C3-959E-440E-9B0E-65433070680A}"
EndProject
Global
	GlobalSection(SolutionConfigurationPlatforms) = preSolution
		Debug|Any CPU = Debug|Any CPU
		Release|Any CPU = Release|Any CPU
	EndGlobalSection
	GlobalSection(ProjectConfigurationPlatforms) = postSolution
		{495A5A67-C602-4C4B-9C1E-07863851D30B}.Debug|Any CPU.ActiveCfg = Debug|Any CPU
		{495A5A67-C602-4C4B-9C1E-07863851D30B}.Debug|Any CPU.Build.0 = Debug|Any CPU
		{495A5A67-C602-4C4B-9C1E-07863851D30B}.Release|Any CPU.ActiveCfg = Release|Any CPU
		{495A5A67-C602-4C4B-9C1E-07863851D30B}.Release|Any CPU.Build.0 = Release|Any CPU
		{8A0C81EA-4051-45E8-B754-59251FB8495F}.Debug|Any CPU.ActiveCfg = Debug|Any CPU
		{8A0C81EA-4051-45E8-B754-59251FB8495F}.Debug|Any CPU.Build.0 = Debug|Any CPU
		{8A0C81EA-4051-45E8-B754-59251FB8495F}.Release|Any CPU.ActiveCfg = Release|Any CPU
		{8A0C81EA-4051-45E8-B754-59251FB8495F}.Release|Any CPU.Build.0 = Release|Any CPU
		{0A9A98C3-959E-440E-9B0E-65433070680A}.Debug|Any CPU.ActiveCfg = Debug|Any CPU
		{0A9A98C3-959E-440E-9B0E-65433070680A}.Debug|Any CPU.Build.0 = Debug|Any CPU
		{0A9A98C3-959E-440E-9B0E-65433070680A}.Release|Any CPU.ActiveCfg = Release|Any CPU
		{0A9A98C3-959E-440E-9B0E-65433070680A}.Release|Any CPU.Build.0 = Release|Any CPU
	EndGlobalSection
	GlobalSection(SolutionProperties) = preSolution
		HideSolutionNode = FALSE
	EndGlobalSection
	GlobalSection(ExtensibilityGlobals) = postSolution
		SolutionGuid = {4F2D3313-7234-43BF-BF55-7CE570BD93B8}
	EndGlobalSection
EndGlobal
